
Microsoft Visual Studio Solution File, Format Version 12.00
# Visual Studio Version 16
VisualStudioVersion = 16.0.30309.148
MinimumVisualStudioVersion = 10.0.40219.1
Project("{FAE04EC0-301F-11D3-BF4B-00C04F79EFBC}") = "calc", "calc\calc.csproj", "{89EABE18-ECC7-4671-B0DB-F3A43CBADCC1}"
EndProject
Project("{FAE04EC0-301F-11D3-BF4B-00C04F79EFBC}") = "MyCalculatorv1", "..\MyCalculatorv1\MyCalculatorv1\MyCalculatorv1.csproj", "{A0031BA3-2498-46BD-BD74-5B0BCB9D8E85}"
EndProject
Project("{FAE04EC0-301F-11D3-BF4B-00C04F79EFBC}") = "MultyBinding", "..\..\C#\wpf\MultyBinding\MultyBinding\MultyBinding.csproj", "{E444E5A3-6933-4AC2-82FE-D4F90AE65B9D}"
EndProject
Project("{FAE04EC0-301F-11D3-BF4B-00C04F79EFBC}") = "Layouts", "..\..\C#\wpf\MultyBinding\Layouts\Layouts.csproj", "{5805ABCA-AD3C-44FA-A892-7B5FF2A7611C}"
EndProject
Project("{9A19103F-16F7-4668-BE54-9A1E7A4F7556}") = "array", "..\..\C#\wpf\MultyBinding\array\array.csproj", "{5620CA6A-D268-4E98-B196-07A9C76A001F}"
EndProject
Project("{9A19103F-16F7-4668-BE54-9A1E7A4F7556}") = "array_test", "..\..\C#\wpf\MultyBinding\array_test\array_test.csproj", "{BC0E58C1-F868-4F0E-AA45-A48997054A25}"
EndProject
Project("{9A19103F-16F7-4668-BE54-9A1E7A4F7556}") = "ConsoleApp1", "..\..\c# mit GitHub\ConsoleApp1\ConsoleApp1\ConsoleApp1.csproj", "{3955EE02-AF6B-4D58-9E8E-51F00F79CA00}"
EndProject
Project("{FAE04EC0-301F-11D3-BF4B-00C04F79EFBC}") = "GitHubPro", "..\..\c# mit GitHub\First\GitHubPro\GitHubPro.csproj", "{515BAD8B-0DB9-485A-BF40-A9268107D2E5}"
EndProject
Project("{9A19103F-16F7-4668-BE54-9A1E7A4F7556}") = "CsharpW3", "..\CsharpW3\CsharpW3\CsharpW3.csproj", "{94540E3D-AFA9-4C02-ABB8-90B56472CCAC}"
EndProject
Project("{FAE04EC0-301F-11D3-BF4B-00C04F79EFBC}") = "MVVM4", "..\MVVM4\MVVM4\MVVM4.csproj", "{769D4724-EA0B-404D-AA4E-CE61E143024B}"
EndProject
Project("{FAE04EC0-301F-11D3-BF4B-00C04F79EFBC}") = "MVVM3", "..\MVVM3\MVVM3\MVVM3.csproj", "{FCA6807B-FB62-457C-8108-EDD7B4D7F45B}"
EndProject
Project("{FAE04EC0-301F-11D3-BF4B-00C04F79EFBC}") = "MVVM", "..\MVVM\MVVM\MVVM.csproj", "{7826D567-13F8-4D0F-8F42-9C48A8B091B0}"
EndProject
Project("{FAE04EC0-301F-11D3-BF4B-00C04F79EFBC}") = "MVVM2", "..\MVVM\MVVM2\MVVM2.csproj", "{42321DB8-11C9-46FD-865B-92016FB36361}"
EndProject
Project("{9A19103F-16F7-4668-BE54-9A1E7A4F7556}") = "PaythonKurs", "..\PaythonKurs\PaythonKurs\PaythonKurs.csproj", "{A68AF774-BDB2-4B32-A23F-0C86520A0BAD}"
EndProject
Project("{FAE04EC0-301F-11D3-BF4B-00C04F79EFBC}") = "Songg", "..\Songg\Songg\Songg.csproj", "{3F557564-8E7E-454A-9B33-E3ECB0C3A9FA}"
EndProject
Project("{FAE04EC0-301F-11D3-BF4B-00C04F79EFBC}") = "DataBinding", "..\..\WPFmitConsole\DataBinding\DataBinding\DataBinding.csproj", "{CAC7B994-3A0E-49D4-A7B8-263178227923}"
EndProject
Global
	GlobalSection(SolutionConfigurationPlatforms) = preSolution
		Debug|Any CPU = Debug|Any CPU
		Debug|x86 = Debug|x86
		Release|Any CPU = Release|Any CPU
		Release|x86 = Release|x86
	EndGlobalSection
	GlobalSection(ProjectConfigurationPlatforms) = postSolution
		{89EABE18-ECC7-4671-B0DB-F3A43CBADCC1}.Debug|Any CPU.ActiveCfg = Debug|Any CPU
		{89EABE18-ECC7-4671-B0DB-F3A43CBADCC1}.Debug|Any CPU.Build.0 = Debug|Any CPU
		{89EABE18-ECC7-4671-B0DB-F3A43CBADCC1}.Debug|x86.ActiveCfg = Debug|Any CPU
		{89EABE18-ECC7-4671-B0DB-F3A43CBADCC1}.Debug|x86.Build.0 = Debug|Any CPU
		{89EABE18-ECC7-4671-B0DB-F3A43CBADCC1}.Release|Any CPU.ActiveCfg = Release|Any CPU
		{89EABE18-ECC7-4671-B0DB-F3A43CBADCC1}.Release|Any CPU.Build.0 = Release|Any CPU
		{89EABE18-ECC7-4671-B0DB-F3A43CBADCC1}.Release|x86.ActiveCfg = Release|Any CPU
		{89EABE18-ECC7-4671-B0DB-F3A43CBADCC1}.Release|x86.Build.0 = Release|Any CPU
		{A0031BA3-2498-46BD-BD74-5B0BCB9D8E85}.Debug|Any CPU.ActiveCfg = Debug|Any CPU
		{A0031BA3-2498-46BD-BD74-5B0BCB9D8E85}.Debug|Any CPU.Build.0 = Debug|Any CPU
		{A0031BA3-2498-46BD-BD74-5B0BCB9D8E85}.Debug|x86.ActiveCfg = Debug|Any CPU
		{A0031BA3-2498-46BD-BD74-5B0BCB9D8E85}.Debug|x86.Build.0 = Debug|Any CPU
		{A0031BA3-2498-46BD-BD74-5B0BCB9D8E85}.Release|Any CPU.ActiveCfg = Release|Any CPU
		{A0031BA3-2498-46BD-BD74-5B0BCB9D8E85}.Release|Any CPU.Build.0 = Release|Any CPU
		{A0031BA3-2498-46BD-BD74-5B0BCB9D8E85}.Release|x86.ActiveCfg = Release|Any CPU
		{A0031BA3-2498-46BD-BD74-5B0BCB9D8E85}.Release|x86.Build.0 = Release|Any CPU
		{E444E5A3-6933-4AC2-82FE-D4F90AE65B9D}.Debug|Any CPU.ActiveCfg = Debug|x86
		{E444E5A3-6933-4AC2-82FE-D4F90AE65B9D}.Debug|x86.ActiveCfg = Debug|x86
		{E444E5A3-6933-4AC2-82FE-D4F90AE65B9D}.Debug|x86.Build.0 = Debug|x86
		{E444E5A3-6933-4AC2-82FE-D4F90AE65B9D}.Release|Any CPU.ActiveCfg = Release|x86
		{E444E5A3-6933-4AC2-82FE-D4F90AE65B9D}.Release|x86.ActiveCfg = Release|x86
		{E444E5A3-6933-4AC2-82FE-D4F90AE65B9D}.Release|x86.Build.0 = Release|x86
		{5805ABCA-AD3C-44FA-A892-7B5FF2A7611C}.Debug|Any CPU.ActiveCfg = Debug|Any CPU
		{5805ABCA-AD3C-44FA-A892-7B5FF2A7611C}.Debug|Any CPU.Build.0 = Debug|Any CPU
		{5805ABCA-AD3C-44FA-A892-7B5FF2A7611C}.Debug|x86.ActiveCfg = Debug|Any CPU
		{5805ABCA-AD3C-44FA-A892-7B5FF2A7611C}.Debug|x86.Build.0 = Debug|Any CPU
		{5805ABCA-AD3C-44FA-A892-7B5FF2A7611C}.Release|Any CPU.ActiveCfg = Release|Any CPU
		{5805ABCA-AD3C-44FA-A892-7B5FF2A7611C}.Release|Any CPU.Build.0 = Release|Any CPU
		{5805ABCA-AD3C-44FA-A892-7B5FF2A7611C}.Release|x86.ActiveCfg = Release|Any CPU
		{5805ABCA-AD3C-44FA-A892-7B5FF2A7611C}.Release|x86.Build.0 = Release|Any CPU
		{5620CA6A-D268-4E98-B196-07A9C76A001F}.Debug|Any CPU.ActiveCfg = Debug|Any CPU
		{5620CA6A-D268-4E98-B196-07A9C76A001F}.Debug|Any CPU.Build.0 = Debug|Any CPU
		{5620CA6A-D268-4E98-B196-07A9C76A001F}.Debug|x86.ActiveCfg = Debug|Any CPU
		{5620CA6A-D268-4E98-B196-07A9C76A001F}.Debug|x86.Build.0 = Debug|Any CPU
		{5620CA6A-D268-4E98-B196-07A9C76A001F}.Release|Any CPU.ActiveCfg = Release|Any CPU
		{5620CA6A-D268-4E98-B196-07A9C76A001F}.Release|Any CPU.Build.0 = Release|Any CPU
		{5620CA6A-D268-4E98-B196-07A9C76A001F}.Release|x86.ActiveCfg = Release|Any CPU
		{5620CA6A-D268-4E98-B196-07A9C76A001F}.Release|x86.Build.0 = Release|Any CPU
		{BC0E58C1-F868-4F0E-AA45-A48997054A25}.Debug|Any CPU.ActiveCfg = Debug|Any CPU
		{BC0E58C1-F868-4F0E-AA45-A48997054A25}.Debug|Any CPU.Build.0 = Debug|Any CPU
		{BC0E58C1-F868-4F0E-AA45-A48997054A25}.Debug|x86.ActiveCfg = Debug|Any CPU
		{BC0E58C1-F868-4F0E-AA45-A48997054A25}.Debug|x86.Build.0 = Debug|Any CPU
		{BC0E58C1-F868-4F0E-AA45-A48997054A25}.Release|Any CPU.ActiveCfg = Release|Any CPU
		{BC0E58C1-F868-4F0E-AA45-A48997054A25}.Release|Any CPU.Build.0 = Release|Any CPU
		{BC0E58C1-F868-4F0E-AA45-A48997054A25}.Release|x86.ActiveCfg = Release|Any CPU
		{BC0E58C1-F868-4F0E-AA45-A48997054A25}.Release|x86.Build.0 = Release|Any CPU
		{3955EE02-AF6B-4D58-9E8E-51F00F79CA00}.Debug|Any CPU.ActiveCfg = Debug|Any CPU
		{3955EE02-AF6B-4D58-9E8E-51F00F79CA00}.Debug|Any CPU.Build.0 = Debug|Any CPU
		{3955EE02-AF6B-4D58-9E8E-51F00F79CA00}.Debug|x86.ActiveCfg = Debug|Any CPU
		{3955EE02-AF6B-4D58-9E8E-51F00F79CA00}.Debug|x86.Build.0 = Debug|Any CPU
		{3955EE02-AF6B-4D58-9E8E-51F00F79CA00}.Release|Any CPU.ActiveCfg = Release|Any CPU
		{3955EE02-AF6B-4D58-9E8E-51F00F79CA00}.Release|Any CPU.Build.0 = Release|Any CPU
		{3955EE02-AF6B-4D58-9E8E-51F00F79CA00}.Release|x86.ActiveCfg = Release|Any CPU
		{3955EE02-AF6B-4D58-9E8E-51F00F79CA00}.Release|x86.Build.0 = Release|Any CPU
		{515BAD8B-0DB9-485A-BF40-A9268107D2E5}.Debug|Any CPU.ActiveCfg = Debug|Any CPU
		{515BAD8B-0DB9-485A-BF40-A9268107D2E5}.Debug|Any CPU.Build.0 = Debug|Any CPU
		{515BAD8B-0DB9-485A-BF40-A9268107D2E5}.Debug|x86.ActiveCfg = Debug|Any CPU
		{515BAD8B-0DB9-485A-BF40-A9268107D2E5}.Debug|x86.Build.0 = Debug|Any CPU
		{515BAD8B-0DB9-485A-BF40-A9268107D2E5}.Release|Any CPU.ActiveCfg = Release|Any CPU
		{515BAD8B-0DB9-485A-BF40-A9268107D2E5}.Release|Any CPU.Build.0 = Release|Any CPU
		{515BAD8B-0DB9-485A-BF40-A9268107D2E5}.Release|x86.ActiveCfg = Release|Any CPU
		{515BAD8B-0DB9-485A-BF40-A9268107D2E5}.Release|x86.Build.0 = Release|Any CPU
		{94540E3D-AFA9-4C02-ABB8-90B56472CCAC}.Debug|Any CPU.ActiveCfg = Debug|Any CPU
		{94540E3D-AFA9-4C02-ABB8-90B56472CCAC}.Debug|Any CPU.Build.0 = Debug|Any CPU
		{94540E3D-AFA9-4C02-ABB8-90B56472CCAC}.Debug|x86.ActiveCfg = Debug|Any CPU
		{94540E3D-AFA9-4C02-ABB8-90B56472CCAC}.Debug|x86.Build.0 = Debug|Any CPU
		{94540E3D-AFA9-4C02-ABB8-90B56472CCAC}.Release|Any CPU.ActiveCfg = Release|Any CPU
		{94540E3D-AFA9-4C02-ABB8-90B56472CCAC}.Release|Any CPU.Build.0 = Release|Any CPU
		{94540E3D-AFA9-4C02-ABB8-90B56472CCAC}.Release|x86.ActiveCfg = Release|Any CPU
		{94540E3D-AFA9-4C02-ABB8-90B56472CCAC}.Release|x86.Build.0 = Release|Any CPU
		{769D4724-EA0B-404D-AA4E-CE61E143024B}.Debug|Any CPU.ActiveCfg = Debug|Any CPU
		{769D4724-EA0B-404D-AA4E-CE61E143024B}.Debug|Any CPU.Build.0 = Debug|Any CPU
		{769D4724-EA0B-404D-AA4E-CE61E143024B}.Debug|x86.ActiveCfg = Debug|Any CPU
		{769D4724-EA0B-404D-AA4E-CE61E143024B}.Debug|x86.Build.0 = Debug|Any CPU
		{769D4724-EA0B-404D-AA4E-CE61E143024B}.Release|Any CPU.ActiveCfg = Release|Any CPU
		{769D4724-EA0B-404D-AA4E-CE61E143024B}.Release|Any CPU.Build.0 = Release|Any CPU
		{769D4724-EA0B-404D-AA4E-CE61E143024B}.Release|x86.ActiveCfg = Release|Any CPU
		{769D4724-EA0B-404D-AA4E-CE61E143024B}.Release|x86.Build.0 = Release|Any CPU
		{FCA6807B-FB62-457C-8108-EDD7B4D7F45B}.Debug|Any CPU.ActiveCfg = Debug|Any CPU
		{FCA6807B-FB62-457C-8108-EDD7B4D7F45B}.Debug|Any CPU.Build.0 = Debug|Any CPU
		{FCA6807B-FB62-457C-8108-EDD7B4D7F45B}.Debug|x86.ActiveCfg = Debug|Any CPU
		{FCA6807B-FB62-457C-8108-EDD7B4D7F45B}.Debug|x86.Build.0 = Debug|Any CPU
		{FCA6807B-FB62-457C-8108-EDD7B4D7F45B}.Release|Any CPU.ActiveCfg = Release|Any CPU
		{FCA6807B-FB62-457C-8108-EDD7B4D7F45B}.Release|Any CPU.Build.0 = Release|Any CPU
		{FCA6807B-FB62-457C-8108-EDD7B4D7F45B}.Release|x86.ActiveCfg = Release|Any CPU
		{FCA6807B-FB62-457C-8108-EDD7B4D7F45B}.Release|x86.Build.0 = Release|Any CPU
		{7826D567-13F8-4D0F-8F42-9C48A8B091B0}.Debug|Any CPU.ActiveCfg = Debug|Any CPU
		{7826D567-13F8-4D0F-8F42-9C48A8B091B0}.Debug|Any CPU.Build.0 = Debug|Any CPU
		{7826D567-13F8-4D0F-8F42-9C48A8B091B0}.Debug|x86.ActiveCfg = Debug|Any CPU
		{7826D567-13F8-4D0F-8F42-9C48A8B091B0}.Debug|x86.Build.0 = Debug|Any CPU
		{7826D567-13F8-4D0F-8F42-9C48A8B091B0}.Release|Any CPU.ActiveCfg = Release|Any CPU
		{7826D567-13F8-4D0F-8F42-9C48A8B091B0}.Release|Any CPU.Build.0 = Release|Any CPU
		{7826D567-13F8-4D0F-8F42-9C48A8B091B0}.Release|x86.ActiveCfg = Release|Any CPU
		{7826D567-13F8-4D0F-8F42-9C48A8B091B0}.Release|x86.Build.0 = Release|Any CPU
		{42321DB8-11C9-46FD-865B-92016FB36361}.Debug|Any CPU.ActiveCfg = Debug|Any CPU
		{42321DB8-11C9-46FD-865B-92016FB36361}.Debug|Any CPU.Build.0 = Debug|Any CPU
		{42321DB8-11C9-46FD-865B-92016FB36361}.Debug|x86.ActiveCfg = Debug|Any CPU
		{42321DB8-11C9-46FD-865B-92016FB36361}.Debug|x86.Build.0 = Debug|Any CPU
		{42321DB8-11C9-46FD-865B-92016FB36361}.Release|Any CPU.ActiveCfg = Release|Any CPU
		{42321DB8-11C9-46FD-865B-92016FB36361}.Release|Any CPU.Build.0 = Release|Any CPU
		{42321DB8-11C9-46FD-865B-92016FB36361}.Release|x86.ActiveCfg = Release|Any CPU
		{42321DB8-11C9-46FD-865B-92016FB36361}.Release|x86.Build.0 = Release|Any CPU
		{A68AF774-BDB2-4B32-A23F-0C86520A0BAD}.Debug|Any CPU.ActiveCfg = Debug|Any CPU
		{A68AF774-BDB2-4B32-A23F-0C86520A0BAD}.Debug|Any CPU.Build.0 = Debug|Any CPU
		{A68AF774-BDB2-4B32-A23F-0C86520A0BAD}.Debug|x86.ActiveCfg = Debug|Any CPU
		{A68AF774-BDB2-4B32-A23F-0C86520A0BAD}.Debug|x86.Build.0 = Debug|Any CPU
		{A68AF774-BDB2-4B32-A23F-0C86520A0BAD}.Release|Any CPU.ActiveCfg = Release|Any CPU
		{A68AF774-BDB2-4B32-A23F-0C86520A0BAD}.Release|Any CPU.Build.0 = Release|Any CPU
		{A68AF774-BDB2-4B32-A23F-0C86520A0BAD}.Release|x86.ActiveCfg = Release|Any CPU
		{A68AF774-BDB2-4B32-A23F-0C86520A0BAD}.Release|x86.Build.0 = Release|Any CPU
		{3F557564-8E7E-454A-9B33-E3ECB0C3A9FA}.Debug|Any CPU.ActiveCfg = Debug|Any CPU
		{3F557564-8E7E-454A-9B33-E3ECB0C3A9FA}.Debug|Any CPU.Build.0 = Debug|Any CPU
		{3F557564-8E7E-454A-9B33-E3ECB0C3A9FA}.Debug|x86.ActiveCfg = Debug|Any CPU
		{3F557564-8E7E-454A-9B33-E3ECB0C3A9FA}.Debug|x86.Build.0 = Debug|Any CPU
		{3F557564-8E7E-454A-9B33-E3ECB0C3A9FA}.Release|Any CPU.ActiveCfg = Release|Any CPU
		{3F557564-8E7E-454A-9B33-E3ECB0C3A9FA}.Release|Any CPU.Build.0 = Release|Any CPU
		{3F557564-8E7E-454A-9B33-E3ECB0C3A9FA}.Release|x86.ActiveCfg = Release|Any CPU
		{3F557564-8E7E-454A-9B33-E3ECB0C3A9FA}.Release|x86.Build.0 = Release|Any CPU
		{CAC7B994-3A0E-49D4-A7B8-263178227923}.Debug|Any CPU.ActiveCfg = Debug|x86
		{CAC7B994-3A0E-49D4-A7B8-263178227923}.Debug|x86.ActiveCfg = Debug|x86
		{CAC7B994-3A0E-49D4-A7B8-263178227923}.Debug|x86.Build.0 = Debug|x86
		{CAC7B994-3A0E-49D4-A7B8-263178227923}.Release|Any CPU.ActiveCfg = Release|x86
		{CAC7B994-3A0E-49D4-A7B8-263178227923}.Release|x86.ActiveCfg = Release|x86
		{CAC7B994-3A0E-49D4-A7B8-263178227923}.Release|x86.Build.0 = Release|x86
	EndGlobalSection
	GlobalSection(SolutionProperties) = preSolution
		HideSolutionNode = FALSE
	EndGlobalSection
	GlobalSection(ExtensibilityGlobals) = postSolution
		SolutionGuid = {BB9ED95B-6993-4D77-AFF2-A17F538DD62B}
	EndGlobalSection
EndGlobal
