
Microsoft Visual Studio Solution File, Format Version 12.00
# Visual Studio Version 16
VisualStudioVersion = 16.0.30309.148
MinimumVisualStudioVersion = 10.0.40219.1
Project("{FAE04EC0-301F-11D3-BF4B-00C04F79EFBC}") = "Songg", "Songg\Songg.csproj", "{3F557564-8E7E-454A-9B33-E3ECB0C3A9FA}"
EndProject
Global
	GlobalSection(SolutionConfigurationPlatforms) = preSolution
		Debug|Any CPU = Debug|Any CPU
		Release|Any CPU = Release|Any CPU
	EndGlobalSection
	GlobalSection(ProjectConfigurationPlatforms) = postSolution
		{3F557564-8E7E-454A-9B33-E3ECB0C3A9FA}.Debug|Any CPU.ActiveCfg = Debug|Any CPU
		{3F557564-8E7E-454A-9B33-E3ECB0C3A9FA}.Debug|Any CPU.Build.0 = Debug|Any CPU
		{3F557564-8E7E-454A-9B33-E3ECB0C3A9FA}.Release|Any CPU.ActiveCfg = Release|Any CPU
		{3F557564-8E7E-454A-9B33-E3ECB0C3A9FA}.Release|Any CPU.Build.0 = Release|Any CPU
	EndGlobalSection
	GlobalSection(SolutionProperties) = preSolution
		HideSolutionNode = FALSE
	EndGlobalSection
	GlobalSection(ExtensibilityGlobals) = postSolution
		SolutionGuid = {6E64DCA2-B900-44DB-A397-4AB99386C33D}
	EndGlobalSection
EndGlobal
